// !$*UTF8*$!
{
	archiveVersion = 1;
	classes = {
	};
	objectVersion = 50;
	objects = {

/* Begin PBXBuildFile section */
		0A20CD6D78470CD0737F110B /* Pods_Tagsy.framework in Frameworks */ = {isa = PBXBuildFile; fileRef = 0ABA9900B5B6A0FB10273958 /* Pods_Tagsy.framework */; };
		E8BFCE9F2252926000F7E9DB /* ImaggaRouter.swift in Sources */ = {isa = PBXBuildFile; fileRef = E8BFCE9E2252926000F7E9DB /* ImaggaRouter.swift */; };
		E8BFCEA12252943600F7E9DB /* ImaggaAPI.swift in Sources */ = {isa = PBXBuildFile; fileRef = E8BFCEA02252943600F7E9DB /* ImaggaAPI.swift */; };
		E8BFCEA52252B38F00F7E9DB /* TagCell.swift in Sources */ = {isa = PBXBuildFile; fileRef = E8BFCEA42252B38F00F7E9DB /* TagCell.swift */; };
		E8EC3CCC225277ED00979AA5 /* AppDelegate.swift in Sources */ = {isa = PBXBuildFile; fileRef = E8EC3CCB225277ED00979AA5 /* AppDelegate.swift */; };
		E8EC3CD1225277ED00979AA5 /* Main.storyboard in Resources */ = {isa = PBXBuildFile; fileRef = E8EC3CCF225277ED00979AA5 /* Main.storyboard */; };
		E8EC3CD3225277EE00979AA5 /* Assets.xcassets in Resources */ = {isa = PBXBuildFile; fileRef = E8EC3CD2225277EE00979AA5 /* Assets.xcassets */; };
		E8EC3CD6225277EE00979AA5 /* LaunchScreen.storyboard in Resources */ = {isa = PBXBuildFile; fileRef = E8EC3CD4225277EE00979AA5 /* LaunchScreen.storyboard */; };
		E8EC3CDF22527AFB00979AA5 /* ImageCollectionViewController.swift in Sources */ = {isa = PBXBuildFile; fileRef = E8EC3CDE22527AFB00979AA5 /* ImageCollectionViewController.swift */; };
		E8EC3CE122527C9E00979AA5 /* ImageDetailViewController.swift in Sources */ = {isa = PBXBuildFile; fileRef = E8EC3CE022527C9E00979AA5 /* ImageDetailViewController.swift */; };
		E8EC3CE422527FD200979AA5 /* UploadedImage.swift in Sources */ = {isa = PBXBuildFile; fileRef = E8EC3CE322527FD200979AA5 /* UploadedImage.swift */; };
		E8EC3CE622527FE300979AA5 /* ImageColor.swift in Sources */ = {isa = PBXBuildFile; fileRef = E8EC3CE522527FE300979AA5 /* ImageColor.swift */; };
		E8EC3CE822528A8800979AA5 /* ImageLoaderViewController.swift in Sources */ = {isa = PBXBuildFile; fileRef = E8EC3CE722528A8800979AA5 /* ImageLoaderViewController.swift */; };
/* End PBXBuildFile section */

/* Begin PBXFileReference section */
		0ABA9900B5B6A0FB10273958 /* Pods_Tagsy.framework */ = {isa = PBXFileReference; explicitFileType = wrapper.framework; includeInIndex = 0; path = Pods_Tagsy.framework; sourceTree = BUILT_PRODUCTS_DIR; };
		BDC9E8F3505D9E73A89A2413 /* Pods-Tagsy.debug.xcconfig */ = {isa = PBXFileReference; includeInIndex = 1; lastKnownFileType = text.xcconfig; name = "Pods-Tagsy.debug.xcconfig"; path = "Target Support Files/Pods-Tagsy/Pods-Tagsy.debug.xcconfig"; sourceTree = "<group>"; };
		E8BFCE9E2252926000F7E9DB /* ImaggaRouter.swift */ = {isa = PBXFileReference; lastKnownFileType = sourcecode.swift; path = ImaggaRouter.swift; sourceTree = "<group>"; };
		E8BFCEA02252943600F7E9DB /* ImaggaAPI.swift */ = {isa = PBXFileReference; lastKnownFileType = sourcecode.swift; path = ImaggaAPI.swift; sourceTree = "<group>"; };
		E8BFCEA42252B38F00F7E9DB /* TagCell.swift */ = {isa = PBXFileReference; lastKnownFileType = sourcecode.swift; path = TagCell.swift; sourceTree = "<group>"; };
		E8EC3CC8225277ED00979AA5 /* Tagsy.app */ = {isa = PBXFileReference; explicitFileType = wrapper.application; includeInIndex = 0; path = Tagsy.app; sourceTree = BUILT_PRODUCTS_DIR; };
		E8EC3CCB225277ED00979AA5 /* AppDelegate.swift */ = {isa = PBXFileReference; lastKnownFileType = sourcecode.swift; path = AppDelegate.swift; sourceTree = "<group>"; };
		E8EC3CD0225277ED00979AA5 /* Base */ = {isa = PBXFileReference; lastKnownFileType = file.storyboard; name = Base; path = Base.lproj/Main.storyboard; sourceTree = "<group>"; };
		E8EC3CD2225277EE00979AA5 /* Assets.xcassets */ = {isa = PBXFileReference; lastKnownFileType = folder.assetcatalog; path = Assets.xcassets; sourceTree = "<group>"; };
		E8EC3CD5225277EE00979AA5 /* Base */ = {isa = PBXFileReference; lastKnownFileType = file.storyboard; name = Base; path = Base.lproj/LaunchScreen.storyboard; sourceTree = "<group>"; };
		E8EC3CD7225277EE00979AA5 /* Info.plist */ = {isa = PBXFileReference; lastKnownFileType = text.plist.xml; path = Info.plist; sourceTree = "<group>"; };
		E8EC3CDE22527AFB00979AA5 /* ImageCollectionViewController.swift */ = {isa = PBXFileReference; lastKnownFileType = sourcecode.swift; path = ImageCollectionViewController.swift; sourceTree = "<group>"; };
		E8EC3CE022527C9E00979AA5 /* ImageDetailViewController.swift */ = {isa = PBXFileReference; lastKnownFileType = sourcecode.swift; path = ImageDetailViewController.swift; sourceTree = "<group>"; };
		E8EC3CE322527FD200979AA5 /* UploadedImage.swift */ = {isa = PBXFileReference; lastKnownFileType = sourcecode.swift; path = UploadedImage.swift; sourceTree = "<group>"; };
		E8EC3CE522527FE300979AA5 /* ImageColor.swift */ = {isa = PBXFileReference; lastKnownFileType = sourcecode.swift; path = ImageColor.swift; sourceTree = "<group>"; };
		E8EC3CE722528A8800979AA5 /* ImageLoaderViewController.swift */ = {isa = PBXFileReference; lastKnownFileType = sourcecode.swift; path = ImageLoaderViewController.swift; sourceTree = "<group>"; };
		EC0DA0A81295935682181BD2 /* Pods-Tagsy.release.xcconfig */ = {isa = PBXFileReference; includeInIndex = 1; lastKnownFileType = text.xcconfig; name = "Pods-Tagsy.release.xcconfig"; path = "Target Support Files/Pods-Tagsy/Pods-Tagsy.release.xcconfig"; sourceTree = "<group>"; };
/* End PBXFileReference section */

/* Begin PBXFrameworksBuildPhase section */
		E8EC3CC5225277ED00979AA5 /* Frameworks */ = {
			isa = PBXFrameworksBuildPhase;
			buildActionMask = 2147483647;
			files = (
				0A20CD6D78470CD0737F110B /* Pods_Tagsy.framework in Frameworks */,
			);
			runOnlyForDeploymentPostprocessing = 0;
		};
/* End PBXFrameworksBuildPhase section */

/* Begin PBXGroup section */
		097E3FD91D2B62F8FB4623B1 /* Frameworks */ = {
			isa = PBXGroup;
			children = (
				0ABA9900B5B6A0FB10273958 /* Pods_Tagsy.framework */,
			);
			name = Frameworks;
			sourceTree = "<group>";
		};
		E8BFCE9D2252923900F7E9DB /* Network */ = {
			isa = PBXGroup;
			children = (
				E8BFCE9E2252926000F7E9DB /* ImaggaRouter.swift */,
				E8BFCEA02252943600F7E9DB /* ImaggaAPI.swift */,
			);
			path = Network;
			sourceTree = "<group>";
		};
		E8EC3CBF225277ED00979AA5 = {
			isa = PBXGroup;
			children = (
				E8BFCE9D2252923900F7E9DB /* Network */,
				E8EC3CCA225277ED00979AA5 /* Tagsy */,
				E8EC3CC9225277ED00979AA5 /* Products */,
				EE954DB49218252CDBBEB8F5 /* Pods */,
				097E3FD91D2B62F8FB4623B1 /* Frameworks */,
			);
			sourceTree = "<group>";
		};
		E8EC3CC9225277ED00979AA5 /* Products */ = {
			isa = PBXGroup;
			children = (
				E8EC3CC8225277ED00979AA5 /* Tagsy.app */,
			);
			name = Products;
			sourceTree = "<group>";
		};
		E8EC3CCA225277ED00979AA5 /* Tagsy */ = {
			isa = PBXGroup;
			children = (
				E8EC3CE222527F7E00979AA5 /* Model */,
				E8EC3CDD225279C500979AA5 /* Controller */,
				E8EC3CCB225277ED00979AA5 /* AppDelegate.swift */,
				E8EC3CCF225277ED00979AA5 /* Main.storyboard */,
				E8EC3CD2225277EE00979AA5 /* Assets.xcassets */,
				E8EC3CD4225277EE00979AA5 /* LaunchScreen.storyboard */,
				E8EC3CD7225277EE00979AA5 /* Info.plist */,
				E8BFCEA42252B38F00F7E9DB /* TagCell.swift */,
			);
			path = Tagsy;
			sourceTree = "<group>";
		};
		E8EC3CDD225279C500979AA5 /* Controller */ = {
			isa = PBXGroup;
			children = (
				E8EC3CDE22527AFB00979AA5 /* ImageCollectionViewController.swift */,
				E8EC3CE022527C9E00979AA5 /* ImageDetailViewController.swift */,
				E8EC3CE722528A8800979AA5 /* ImageLoaderViewController.swift */,
			);
			path = Controller;
			sourceTree = "<group>";
		};
		E8EC3CE222527F7E00979AA5 /* Model */ = {
			isa = PBXGroup;
			children = (
				E8EC3CE322527FD200979AA5 /* UploadedImage.swift */,
				E8EC3CE522527FE300979AA5 /* ImageColor.swift */,
			);
			path = Model;
			sourceTree = "<group>";
		};
		EE954DB49218252CDBBEB8F5 /* Pods */ = {
			isa = PBXGroup;
			children = (
				BDC9E8F3505D9E73A89A2413 /* Pods-Tagsy.debug.xcconfig */,
				EC0DA0A81295935682181BD2 /* Pods-Tagsy.release.xcconfig */,
			);
			path = Pods;
			sourceTree = "<group>";
		};
/* End PBXGroup section */

/* Begin PBXNativeTarget section */
		E8EC3CC7225277ED00979AA5 /* Tagsy */ = {
			isa = PBXNativeTarget;
			buildConfigurationList = E8EC3CDA225277EE00979AA5 /* Build configuration list for PBXNativeTarget "Tagsy" */;
			buildPhases = (
				B39694AC1096B30D50B92E2E /* [CP] Check Pods Manifest.lock */,
				E8EC3CC4225277ED00979AA5 /* Sources */,
				E8EC3CC5225277ED00979AA5 /* Frameworks */,
				E8EC3CC6225277ED00979AA5 /* Resources */,
				42DBA8E0374B5878A20E2642 /* [CP] Embed Pods Frameworks */,
			);
			buildRules = (
			);
			dependencies = (
			);
			name = Tagsy;
			productName = Tagsy;
			productReference = E8EC3CC8225277ED00979AA5 /* Tagsy.app */;
			productType = "com.apple.product-type.application";
		};
/* End PBXNativeTarget section */

/* Begin PBXProject section */
		E8EC3CC0225277ED00979AA5 /* Project object */ = {
			isa = PBXProject;
			attributes = {
				LastSwiftUpdateCheck = 1010;
				LastUpgradeCheck = 1010;
				ORGANIZATIONNAME = "Jordan Perrella";
				TargetAttributes = {
					E8EC3CC7225277ED00979AA5 = {
						CreatedOnToolsVersion = 10.1;
					};
				};
			};
			buildConfigurationList = E8EC3CC3225277ED00979AA5 /* Build configuration list for PBXProject "Tagsy" */;
			compatibilityVersion = "Xcode 9.3";
			developmentRegion = en;
			hasScannedForEncodings = 0;
			knownRegions = (
				en,
				Base,
			);
			mainGroup = E8EC3CBF225277ED00979AA5;
			productRefGroup = E8EC3CC9225277ED00979AA5 /* Products */;
			projectDirPath = "";
			projectRoot = "";
			targets = (
				E8EC3CC7225277ED00979AA5 /* Tagsy */,
			);
		};
/* End PBXProject section */

/* Begin PBXResourcesBuildPhase section */
		E8EC3CC6225277ED00979AA5 /* Resources */ = {
			isa = PBXResourcesBuildPhase;
			buildActionMask = 2147483647;
			files = (
				E8EC3CD6225277EE00979AA5 /* LaunchScreen.storyboard in Resources */,
				E8EC3CD3225277EE00979AA5 /* Assets.xcassets in Resources */,
				E8EC3CD1225277ED00979AA5 /* Main.storyboard in Resources */,
			);
			runOnlyForDeploymentPostprocessing = 0;
		};
/* End PBXResourcesBuildPhase section */

/* Begin PBXShellScriptBuildPhase section */
		42DBA8E0374B5878A20E2642 /* [CP] Embed Pods Frameworks */ = {
			isa = PBXShellScriptBuildPhase;
			buildActionMask = 2147483647;
			files = (
			);
			inputFileListPaths = (
			);
			inputPaths = (
				"${PODS_ROOT}/Target Support Files/Pods-Tagsy/Pods-Tagsy-frameworks.sh",
				"${BUILT_PRODUCTS_DIR}/Alamofire/Alamofire.framework",
				"${BUILT_PRODUCTS_DIR}/SwiftyJSON/SwiftyJSON.framework",
			);
			name = "[CP] Embed Pods Frameworks";
			outputFileListPaths = (
			);
			outputPaths = (
				"${TARGET_BUILD_DIR}/${FRAMEWORKS_FOLDER_PATH}/Alamofire.framework",
				"${TARGET_BUILD_DIR}/${FRAMEWORKS_FOLDER_PATH}/SwiftyJSON.framework",
			);
			runOnlyForDeploymentPostprocessing = 0;
			shellPath = /bin/sh;
			shellScript = "\"${PODS_ROOT}/Target Support Files/Pods-Tagsy/Pods-Tagsy-frameworks.sh\"\n";
			showEnvVarsInLog = 0;
		};
		B39694AC1096B30D50B92E2E /* [CP] Check Pods Manifest.lock */ = {
			isa = PBXShellScriptBuildPhase;
			buildActionMask = 2147483647;
			files = (
			);
			inputFileListPaths = (
			);
			inputPaths = (
				"${PODS_PODFILE_DIR_PATH}/Podfile.lock",
				"${PODS_ROOT}/Manifest.lock",
			);
			name = "[CP] Check Pods Manifest.lock";
			outputFileListPaths = (
			);
			outputPaths = (
				"$(DERIVED_FILE_DIR)/Pods-Tagsy-checkManifestLockResult.txt",
			);
			runOnlyForDeploymentPostprocessing = 0;
			shellPath = /bin/sh;
			shellScript = "diff \"${PODS_PODFILE_DIR_PATH}/Podfile.lock\" \"${PODS_ROOT}/Manifest.lock\" > /dev/null\nif [ $? != 0 ] ; then\n    # print error to STDERR\n    echo \"error: The sandbox is not in sync with the Podfile.lock. Run 'pod install' or update your CocoaPods installation.\" >&2\n    exit 1\nfi\n# This output is used by Xcode 'outputs' to avoid re-running this script phase.\necho \"SUCCESS\" > \"${SCRIPT_OUTPUT_FILE_0}\"\n";
			showEnvVarsInLog = 0;
		};
/* End PBXShellScriptBuildPhase section */

/* Begin PBXSourcesBuildPhase section */
		E8EC3CC4225277ED00979AA5 /* Sources */ = {
			isa = PBXSourcesBuildPhase;
			buildActionMask = 2147483647;
			files = (
				E8EC3CDF22527AFB00979AA5 /* ImageCollectionViewController.swift in Sources */,
				E8EC3CE122527C9E00979AA5 /* ImageDetailViewController.swift in Sources */,
				E8BFCEA12252943600F7E9DB /* ImaggaAPI.swift in Sources */,
				E8EC3CCC225277ED00979AA5 /* AppDelegate.swift in Sources */,
				E8EC3CE622527FE300979AA5 /* ImageColor.swift in Sources */,
				E8BFCEA52252B38F00F7E9DB /* TagCell.swift in Sources */,
				E8BFCE9F2252926000F7E9DB /* ImaggaRouter.swift in Sources */,
				E8EC3CE422527FD200979AA5 /* UploadedImage.swift in Sources */,
				E8EC3CE822528A8800979AA5 /* ImageLoaderViewController.swift in Sources */,
			);
			runOnlyForDeploymentPostprocessing = 0;
		};
/* End PBXSourcesBuildPhase section */

/* Begin PBXVariantGroup section */
		E8EC3CCF225277ED00979AA5 /* Main.storyboard */ = {
			isa = PBXVariantGroup;
			children = (
				E8EC3CD0225277ED00979AA5 /* Base */,
			);
			name = Main.storyboard;
			sourceTree = "<group>";
		};
		E8EC3CD4225277EE00979AA5 /* LaunchScreen.storyboard */ = {
			isa = PBXVariantGroup;
			children = (
				E8EC3CD5225277EE00979AA5 /* Base */,
			);
			name = LaunchScreen.storyboard;
			sourceTree = "<group>";
		};
/* End PBXVariantGroup section */

/* Begin XCBuildConfiguration section */
		E8EC3CD8225277EE00979AA5 /* Debug */ = {
			isa = XCBuildConfiguration;
			buildSettings = {
				ALWAYS_SEARCH_USER_PATHS = NO;
				CLANG_ANALYZER_NONNULL = YES;
				CLANG_ANALYZER_NUMBER_OBJECT_CONVERSION = YES_AGGRESSIVE;
				CLANG_CXX_LANGUAGE_STANDARD = "gnu++14";
				CLANG_CXX_LIBRARY = "libc++";
				CLANG_ENABLE_MODULES = YES;
				CLANG_ENABLE_OBJC_ARC = YES;
				CLANG_ENABLE_OBJC_WEAK = YES;
				CLANG_WARN_BLOCK_CAPTURE_AUTORELEASING = YES;
				CLANG_WARN_BOOL_CONVERSION = YES;
				CLANG_WARN_COMMA = YES;
				CLANG_WARN_CONSTANT_CONVERSION = YES;
				CLANG_WARN_DEPRECATED_OBJC_IMPLEMENTATIONS = YES;
				CLANG_WARN_DIRECT_OBJC_ISA_USAGE = YES_ERROR;
				CLANG_WARN_DOCUMENTATION_COMMENTS = YES;
				CLANG_WARN_EMPTY_BODY = YES;
				CLANG_WARN_ENUM_CONVERSION = YES;
				CLANG_WARN_INFINITE_RECURSION = YES;
				CLANG_WARN_INT_CONVERSION = YES;
				CLANG_WARN_NON_LITERAL_NULL_CONVERSION = YES;
				CLANG_WARN_OBJC_IMPLICIT_RETAIN_SELF = YES;
				CLANG_WARN_OBJC_LITERAL_CONVERSION = YES;
				CLANG_WARN_OBJC_ROOT_CLASS = YES_ERROR;
				CLANG_WARN_RANGE_LOOP_ANALYSIS = YES;
				CLANG_WARN_STRICT_PROTOTYPES = YES;
				CLANG_WARN_SUSPICIOUS_MOVE = YES;
				CLANG_WARN_UNGUARDED_AVAILABILITY = YES_AGGRESSIVE;
				CLANG_WARN_UNREACHABLE_CODE = YES;
				CLANG_WARN__DUPLICATE_METHOD_MATCH = YES;
				CODE_SIGN_IDENTITY = "iPhone Developer";
				COPY_PHASE_STRIP = NO;
				DEBUG_INFORMATION_FORMAT = dwarf;
				ENABLE_STRICT_OBJC_MSGSEND = YES;
				ENABLE_TESTABILITY = YES;
				GCC_C_LANGUAGE_STANDARD = gnu11;
				GCC_DYNAMIC_NO_PIC = NO;
				GCC_NO_COMMON_BLOCKS = YES;
				GCC_OPTIMIZATION_LEVEL = 0;
				GCC_PREPROCESSOR_DEFINITIONS = (
					"DEBUG=1",
					"$(inherited)",
				);
				GCC_WARN_64_TO_32_BIT_CONVERSION = YES;
				GCC_WARN_ABOUT_RETURN_TYPE = YES_ERROR;
				GCC_WARN_UNDECLARED_SELECTOR = YES;
				GCC_WARN_UNINITIALIZED_AUTOS = YES_AGGRESSIVE;
				GCC_WARN_UNUSED_FUNCTION = YES;
				GCC_WARN_UNUSED_VARIABLE = YES;
				IPHONEOS_DEPLOYMENT_TARGET = 12.1;
				MTL_ENABLE_DEBUG_INFO = INCLUDE_SOURCE;
				MTL_FAST_MATH = YES;
				ONLY_ACTIVE_ARCH = YES;
				SDKROOT = iphoneos;
				SWIFT_ACTIVE_COMPILATION_CONDITIONS = DEBUG;
				SWIFT_OPTIMIZATION_LEVEL = "-Onone";
			};
			name = Debug;
		};
		E8EC3CD9225277EE00979AA5 /* Release */ = {
			isa = XCBuildConfiguration;
			buildSettings = {
				ALWAYS_SEARCH_USER_PATHS = NO;
				CLANG_ANALYZER_NONNULL = YES;
				CLANG_ANALYZER_NUMBER_OBJECT_CONVERSION = YES_AGGRESSIVE;
				CLANG_CXX_LANGUAGE_STANDARD = "gnu++14";
				CLANG_CXX_LIBRARY = "libc++";
				CLANG_ENABLE_MODULES = YES;
				CLANG_ENABLE_OBJC_ARC = YES;
				CLANG_ENABLE_OBJC_WEAK = YES;
				CLANG_WARN_BLOCK_CAPTURE_AUTORELEASING = YES;
				CLANG_WARN_BOOL_CONVERSION = YES;
				CLANG_WARN_COMMA = YES;
				CLANG_WARN_CONSTANT_CONVERSION = YES;
				CLANG_WARN_DEPRECATED_OBJC_IMPLEMENTATIONS = YES;
				CLANG_WARN_DIRECT_OBJC_ISA_USAGE = YES_ERROR;
				CLANG_WARN_DOCUMENTATION_COMMENTS = YES;
				CLANG_WARN_EMPTY_BODY = YES;
				CLANG_WARN_ENUM_CONVERSION = YES;
				CLANG_WARN_INFINITE_RECURSION = YES;
				CLANG_WARN_INT_CONVERSION = YES;
				CLANG_WARN_NON_LITERAL_NULL_CONVERSION = YES;
				CLANG_WARN_OBJC_IMPLICIT_RETAIN_SELF = YES;
				CLANG_WARN_OBJC_LITERAL_CONVERSION = YES;
				CLANG_WARN_OBJC_ROOT_CLASS = YES_ERROR;
				CLANG_WARN_RANGE_LOOP_ANALYSIS = YES;
				CLANG_WARN_STRICT_PROTOTYPES = YES;
				CLANG_WARN_SUSPICIOUS_MOVE = YES;
				CLANG_WARN_UNGUARDED_AVAILABILITY = YES_AGGRESSIVE;
				CLANG_WARN_UNREACHABLE_CODE = YES;
				CLANG_WARN__DUPLICATE_METHOD_MATCH = YES;
				CODE_SIGN_IDENTITY = "iPhone Developer";
				COPY_PHASE_STRIP = NO;
				DEBUG_INFORMATION_FORMAT = "dwarf-with-dsym";
				ENABLE_NS_ASSERTIONS = NO;
				ENABLE_STRICT_OBJC_MSGSEND = YES;
				GCC_C_LANGUAGE_STANDARD = gnu11;
				GCC_NO_COMMON_BLOCKS = YES;
				GCC_WARN_64_TO_32_BIT_CONVERSION = YES;
				GCC_WARN_ABOUT_RETURN_TYPE = YES_ERROR;
				GCC_WARN_UNDECLARED_SELECTOR = YES;
				GCC_WARN_UNINITIALIZED_AUTOS = YES_AGGRESSIVE;
				GCC_WARN_UNUSED_FUNCTION = YES;
				GCC_WARN_UNUSED_VARIABLE = YES;
				IPHONEOS_DEPLOYMENT_TARGET = 12.1;
				MTL_ENABLE_DEBUG_INFO = NO;
				MTL_FAST_MATH = YES;
				SDKROOT = iphoneos;
				SWIFT_COMPILATION_MODE = wholemodule;
				SWIFT_OPTIMIZATION_LEVEL = "-O";
				VALIDATE_PRODUCT = YES;
			};
			name = Release;
		};
		E8EC3CDB225277EE00979AA5 /* Debug */ = {
			isa = XCBuildConfiguration;
			baseConfigurationReference = BDC9E8F3505D9E73A89A2413 /* Pods-Tagsy.debug.xcconfig */;
			buildSettings = {
				ASSETCATALOG_COMPILER_APPICON_NAME = AppIcon;
				CODE_SIGN_STYLE = Automatic;
				INFOPLIST_FILE = Tagsy/Info.plist;
				LD_RUNPATH_SEARCH_PATHS = (
					"$(inherited)",
					"@executable_path/Frameworks",
				);
				PRODUCT_BUNDLE_IDENTIFIER = com.jordanperrella.Tagsy;
				PRODUCT_NAME = "$(TARGET_NAME)";
				SWIFT_VERSION = 4.2;
				TARGETED_DEVICE_FAMILY = "1,2";
			};
			name = Debug;
		};
		E8EC3CDC225277EE00979AA5 /* Release */ = {
			isa = XCBuildConfiguration;
			baseConfigurationReference = EC0DA0A81295935682181BD2 /* Pods-Tagsy.release.xcconfig */;
			buildSettings = {
				ASSETCATALOG_COMPILER_APPICON_NAME = AppIcon;
				CODE_SIGN_STYLE = Automatic;
				INFOPLIST_FILE = Tagsy/Info.plist;
				LD_RUNPATH_SEARCH_PATHS = (
					"$(inherited)",
					"@executable_path/Frameworks",
				);
				PRODUCT_BUNDLE_IDENTIFIER = com.jordanperrella.Tagsy;
				PRODUCT_NAME = "$(TARGET_NAME)";
				SWIFT_VERSION = 4.2;
				TARGETED_DEVICE_FAMILY = "1,2";
			};
			name = Release;
		};
/* End XCBuildConfiguration section */

/* Begin XCConfigurationList section */
		E8EC3CC3225277ED00979AA5 /* Build configuration list for PBXProject "Tagsy" */ = {
			isa = XCConfigurationList;
			buildConfigurations = (
				E8EC3CD8225277EE00979AA5 /* Debug */,
				E8EC3CD9225277EE00979AA5 /* Release */,
			);
			defaultConfigurationIsVisible = 0;
			defaultConfigurationName = Release;
		};
		E8EC3CDA225277EE00979AA5 /* Build configuration list for PBXNativeTarget "Tagsy" */ = {
			isa = XCConfigurationList;
			buildConfigurations = (
				E8EC3CDB225277EE00979AA5 /* Debug */,
				E8EC3CDC225277EE00979AA5 /* Release */,
			);
			defaultConfigurationIsVisible = 0;
			defaultConfigurationName = Release;
		};
/* End XCConfigurationList section */
	};
	rootObject = E8EC3CC0225277ED00979AA5 /* Project object */;
}
